Microsoft Visual Studio Solution File, Format Version 12.00
# Visual Studio 14
VisualStudioVersion = 14.0.24720.0
MinimumVisualStudioVersion = 10.0.40219.1
Project("{FAE04EC0-301F-11D3-BF4B-00C04F79EFBC}") = "CheckAsm", "CheckAsm.csproj", "{3464ED2D-1850-4848-9BC6-21B275BC8A88}"
EndProject
Project("{FAE04EC0-301F-11D3-BF4B-00C04F79EFBC}") = "CCheckAsm", "CCheckAsm\CCheckAsm.csproj", "{C1D9F987-D6A8-4600-88D2-00301C4E31D5}"
EndProject
Project("{FAE04EC0-301F-11D3-BF4B-00C04F79EFBC}") = "Amberfish.Canvas", "MyCanvas\Amberfish.Canvas.csproj", "{5556B43C-F1E9-4040-B9D1-18D1B3BA39A6}"
EndProject
Project("{FAE04EC0-301F-11D3-BF4B-00C04F79EFBC}") = "Amberfish.Graph", "Amberfish.Graph\Amberfish.Graph.csproj", "{96532DAA-367A-44BE-842E-2A3F9E918FFE}"
EndProject
Global
	GlobalSection(SolutionConfigurationPlatforms) = preSolution
		Debug|Any CPU = Debug|Any CPU
		Debug|x86 = Debug|x86
		Debug-Eval|Any CPU = Debug-Eval|Any CPU
		Debug-Eval|x86 = Debug-Eval|x86
		Debug-Licensed|Any CPU = Debug-Licensed|Any CPU
		Debug-Licensed|x86 = Debug-Licensed|x86
		Release|Any CPU = Release|Any CPU
		Release|x86 = Release|x86
		Release-Eval|Any CPU = Release-Eval|Any CPU
		Release-Eval|x86 = Release-Eval|x86
		Release-Licensed|Any CPU = Release-Licensed|Any CPU
		Release-Licensed|x86 = Release-Licensed|x86
	EndGlobalSection
	GlobalSection(ProjectConfigurationPlatforms) = postSolution
		{3464ED2D-1850-4848-9BC6-21B275BC8A88}.Debug|Any CPU.ActiveCfg = Debug|Any CPU
		{3464ED2D-1850-4848-9BC6-21B275BC8A88}.Debug|Any CPU.Build.0 = Debug|Any CPU
		{3464ED2D-1850-4848-9BC6-21B275BC8A88}.Debug|x86.ActiveCfg = Debug|Any CPU
		{3464ED2D-1850-4848-9BC6-21B275BC8A88}.Debug|x86.Build.0 = Debug|Any CPU
		{3464ED2D-1850-4848-9BC6-21B275BC8A88}.Debug-Eval|Any CPU.ActiveCfg = Debug-Eval|Any CPU
		{3464ED2D-1850-4848-9BC6-21B275BC8A88}.Debug-Eval|Any CPU.Build.0 = Debug-Eval|Any CPU
		{3464ED2D-1850-4848-9BC6-21B275BC8A88}.Debug-Eval|x86.ActiveCfg = Debug-Eval|Any CPU
		{3464ED2D-1850-4848-9BC6-21B275BC8A88}.Debug-Eval|x86.Build.0 = Debug-Eval|Any CPU
		{3464ED2D-1850-4848-9BC6-21B275BC8A88}.Debug-Licensed|Any CPU.ActiveCfg = Debug-Licensed|Any CPU
		{3464ED2D-1850-4848-9BC6-21B275BC8A88}.Debug-Licensed|Any CPU.Build.0 = Debug-Licensed|Any CPU
		{3464ED2D-1850-4848-9BC6-21B275BC8A88}.Debug-Licensed|x86.ActiveCfg = Debug-Licensed|Any CPU
		{3464ED2D-1850-4848-9BC6-21B275BC8A88}.Debug-Licensed|x86.Build.0 = Debug-Licensed|Any CPU
		{3464ED2D-1850-4848-9BC6-21B275BC8A88}.Release|Any CPU.ActiveCfg = Release|Any CPU
		{3464ED2D-1850-4848-9BC6-21B275BC8A88}.Release|Any CPU.Build.0 = Release|Any CPU
		{3464ED2D-1850-4848-9BC6-21B275BC8A88}.Release|x86.ActiveCfg = Release|Any CPU
		{3464ED2D-1850-4848-9BC6-21B275BC8A88}.Release|x86.Build.0 = Release|Any CPU
		{3464ED2D-1850-4848-9BC6-21B275BC8A88}.Release-Eval|Any CPU.ActiveCfg = Release-Eval|Any CPU
		{3464ED2D-1850-4848-9BC6-21B275BC8A88}.Release-Eval|Any CPU.Build.0 = Release-Eval|Any CPU
		{3464ED2D-1850-4848-9BC6-21B275BC8A88}.Release-Eval|x86.ActiveCfg = Release-Eval|Any CPU
		{3464ED2D-1850-4848-9BC6-21B275BC8A88}.Release-Eval|x86.Build.0 = Release-Eval|Any CPU
		{3464ED2D-1850-4848-9BC6-21B275BC8A88}.Release-Licensed|Any CPU.ActiveCfg = Release-Licensed|Any CPU
		{3464ED2D-1850-4848-9BC6-21B275BC8A88}.Release-Licensed|Any CPU.Build.0 = Release-Licensed|Any CPU
		{3464ED2D-1850-4848-9BC6-21B275BC8A88}.Release-Licensed|x86.ActiveCfg = Release-Licensed|Any CPU
		{3464ED2D-1850-4848-9BC6-21B275BC8A88}.Release-Licensed|x86.Build.0 = Release-Licensed|Any CPU
		{C1D9F987-D6A8-4600-88D2-00301C4E31D5}.Debug|Any CPU.ActiveCfg = Debug|Any CPU
		{C1D9F987-D6A8-4600-88D2-00301C4E31D5}.Debug|Any CPU.Build.0 = Debug|Any CPU
		{C1D9F987-D6A8-4600-88D2-00301C4E31D5}.Debug|x86.ActiveCfg = Debug|x86
		{C1D9F987-D6A8-4600-88D2-00301C4E31D5}.Debug|x86.Build.0 = Debug|x86
		{C1D9F987-D6A8-4600-88D2-00301C4E31D5}.Debug-Eval|Any CPU.ActiveCfg = Debug-Eval|Any CPU
		{C1D9F987-D6A8-4600-88D2-00301C4E31D5}.Debug-Eval|Any CPU.Build.0 = Debug-Eval|Any CPU
		{C1D9F987-D6A8-4600-88D2-00301C4E31D5}.Debug-Eval|x86.ActiveCfg = Debug-Eval|x86
		{C1D9F987-D6A8-4600-88D2-00301C4E31D5}.Debug-Eval|x86.Build.0 = Debug-Eval|x86
		{C1D9F987-D6A8-4600-88D2-00301C4E31D5}.Debug-Licensed|Any CPU.ActiveCfg = Debug-Licensed|Any CPU
		{C1D9F987-D6A8-4600-88D2-00301C4E31D5}.Debug-Licensed|Any CPU.Build.0 = Debug-Licensed|Any CPU
		{C1D9F987-D6A8-4600-88D2-00301C4E31D5}.Debug-Licensed|x86.ActiveCfg = Debug-Licensed|x86
		{C1D9F987-D6A8-4600-88D2-00301C4E31D5}.Debug-Licensed|x86.Build.0 = Debug-Licensed|x86
		{C1D9F987-D6A8-4600-88D2-00301C4E31D5}.Release|Any CPU.ActiveCfg = Release|Any CPU
		{C1D9F987-D6A8-4600-88D2-00301C4E31D5}.Release|Any CPU.Build.0 = Release|Any CPU
		{C1D9F987-D6A8-4600-88D2-00301C4E31D5}.Release|x86.ActiveCfg = Release|x86
		{C1D9F987-D6A8-4600-88D2-00301C4E31D5}.Release|x86.Build.0 = Release|x86
		{C1D9F987-D6A8-4600-88D2-00301C4E31D5}.Release-Eval|Any CPU.ActiveCfg = Release-Eval|Any CPU
		{C1D9F987-D6A8-4600-88D2-00301C4E31D5}.Release-Eval|Any CPU.Build.0 = Release-Eval|Any CPU
		{C1D9F987-D6A8-4600-88D2-00301C4E31D5}.Release-Eval|x86.ActiveCfg = Release-Eval|x86
		{C1D9F987-D6A8-4600-88D2-00301C4E31D5}.Release-Eval|x86.Build.0 = Release-Eval|x86
		{C1D9F987-D6A8-4600-88D2-00301C4E31D5}.Release-Licensed|Any CPU.ActiveCfg = Release-Licensed|Any CPU
		{C1D9F987-D6A8-4600-88D2-00301C4E31D5}.Release-Licensed|Any CPU.Build.0 = Release-Licensed|Any CPU
		{C1D9F987-D6A8-4600-88D2-00301C4E31D5}.Release-Licensed|x86.ActiveCfg = Release-Licensed|x86
		{C1D9F987-D6A8-4600-88D2-00301C4E31D5}.Release-Licensed|x86.Build.0 = Release-Licensed|x86
		{5556B43C-F1E9-4040-B9D1-18D1B3BA39A6}.Debug|Any CPU.ActiveCfg = Debug|Any CPU
		{5556B43C-F1E9-4040-B9D1-18D1B3BA39A6}.Debug|Any CPU.Build.0 = Debug|Any CPU
		{5556B43C-F1E9-4040-B9D1-18D1B3BA39A6}.Debug|x86.ActiveCfg = Debug|x86
		{5556B43C-F1E9-4040-B9D1-18D1B3BA39A6}.Debug|x86.Build.0 = Debug|x86
		{5556B43C-F1E9-4040-B9D1-18D1B3BA39A6}.Debug-Eval|Any CPU.ActiveCfg = Debug-Eval|Any CPU
		{5556B43C-F1E9-4040-B9D1-18D1B3BA39A6}.Debug-Eval|Any CPU.Build.0 = Debug-Eval|Any CPU
		{5556B43C-F1E9-4040-B9D1-18D1B3BA39A6}.Debug-Eval|x86.ActiveCfg = Debug-Eval|x86
		{5556B43C-F1E9-4040-B9D1-18D1B3BA39A6}.Debug-Eval|x86.Build.0 = Debug-Eval|x86
		{5556B43C-F1E9-4040-B9D1-18D1B3BA39A6}.Debug-Licensed|Any CPU.ActiveCfg = Debug-Eval|Any CPU
		{5556B43C-F1E9-4040-B9D1-18D1B3BA39A6}.Debug-Licensed|Any CPU.Build.0 = Debug-Eval|Any CPU
		{5556B43C-F1E9-4040-B9D1-18D1B3BA39A6}.Debug-Licensed|x86.ActiveCfg = Debug-Eval|x86
		{5556B43C-F1E9-4040-B9D1-18D1B3BA39A6}.Debug-Licensed|x86.Build.0 = Debug-Eval|x86
		{5556B43C-F1E9-4040-B9D1-18D1B3BA39A6}.Release|Any CPU.ActiveCfg = Release|Any CPU
		{5556B43C-F1E9-4040-B9D1-18D1B3BA39A6}.Release|Any CPU.Build.0 = Release|Any CPU
		{5556B43C-F1E9-4040-B9D1-18D1B3BA39A6}.Release|x86.ActiveCfg = Release|x86
		{5556B43C-F1E9-4040-B9D1-18D1B3BA39A6}.Release|x86.Build.0 = Release|x86
		{5556B43C-F1E9-4040-B9D1-18D1B3BA39A6}.Release-Eval|Any CPU.ActiveCfg = Release-Eval|Any CPU
		{5556B43C-F1E9-4040-B9D1-18D1B3BA39A6}.Release-Eval|Any CPU.Build.0 = Release-Eval|Any CPU
		{5556B43C-F1E9-4040-B9D1-18D1B3BA39A6}.Release-Eval|x86.ActiveCfg = Release-Eval|x86
		{5556B43C-F1E9-4040-B9D1-18D1B3BA39A6}.Release-Eval|x86.Build.0 = Release-Eval|x86
		{5556B43C-F1E9-4040-B9D1-18D1B3BA39A6}.Release-Licensed|Any CPU.ActiveCfg = Release-Eval|Any CPU
		{5556B43C-F1E9-4040-B9D1-18D1B3BA39A6}.Release-Licensed|Any CPU.Build.0 = Release-Eval|Any CPU
		{5556B43C-F1E9-4040-B9D1-18D1B3BA39A6}.Release-Licensed|x86.ActiveCfg = Release-Eval|x86
		{5556B43C-F1E9-4040-B9D1-18D1B3BA39A6}.Release-Licensed|x86.Build.0 = Release-Eval|x86
		{96532DAA-367A-44BE-842E-2A3F9E918FFE}.Debug|Any CPU.ActiveCfg = Debug|Any CPU
		{96532DAA-367A-44BE-842E-2A3F9E918FFE}.Debug|Any CPU.Build.0 = Debug|Any CPU
		{96532DAA-367A-44BE-842E-2A3F9E918FFE}.Debug|x86.ActiveCfg = Debug|Any CPU
		{96532DAA-367A-44BE-842E-2A3F9E918FFE}.Debug|x86.Build.0 = Debug|Any CPU
		{96532DAA-367A-44BE-842E-2A3F9E918FFE}.Debug-Eval|Any CPU.ActiveCfg = Debug|Any CPU
		{96532DAA-367A-44BE-842E-2A3F9E918FFE}.Debug-Eval|Any CPU.Build.0 = Debug|Any CPU
		{96532DAA-367A-44BE-842E-2A3F9E918FFE}.Debug-Eval|x86.ActiveCfg = Debug|Any CPU
		{96532DAA-367A-44BE-842E-2A3F9E918FFE}.Debug-Eval|x86.Build.0 = Debug|Any CPU
		{96532DAA-367A-44BE-842E-2A3F9E918FFE}.Debug-Licensed|Any CPU.ActiveCfg = Debug|Any CPU
		{96532DAA-367A-44BE-842E-2A3F9E918FFE}.Debug-Licensed|Any CPU.Build.0 = Debug|Any CPU
		{96532DAA-367A-44BE-842E-2A3F9E918FFE}.Debug-Licensed|x86.ActiveCfg = Debug|Any CPU
		{96532DAA-367A-44BE-842E-2A3F9E918FFE}.Debug-Licensed|x86.Build.0 = Debug|Any CPU
		{96532DAA-367A-44BE-842E-2A3F9E918FFE}.Release|Any CPU.ActiveCfg = Release|Any CPU
		{96532DAA-367A-44BE-842E-2A3F9E918FFE}.Release|Any CPU.Build.0 = Release|Any CPU
		{96532DAA-367A-44BE-842E-2A3F9E918FFE}.Release|x86.ActiveCfg = Release|Any CPU
		{96532DAA-367A-44BE-842E-2A3F9E918FFE}.Release|x86.Build.0 = Release|Any CPU
		{96532DAA-367A-44BE-842E-2A3F9E918FFE}.Release-Eval|Any CPU.ActiveCfg = Release|Any CPU
		{96532DAA-367A-44BE-842E-2A3F9E918FFE}.Release-Eval|Any CPU.Build.0 = Release|Any CPU
		{96532DAA-367A-44BE-842E-2A3F9E918FFE}.Release-Eval|x86.ActiveCfg = Release|Any CPU
		{96532DAA-367A-44BE-842E-2A3F9E918FFE}.Release-Eval|x86.Build.0 = Release|Any CPU
		{96532DAA-367A-44BE-842E-2A3F9E918FFE}.Release-Licensed|Any CPU.ActiveCfg = Release|Any CPU
		{96532DAA-367A-44BE-842E-2A3F9E918FFE}.Release-Licensed|Any CPU.Build.0 = Release|Any CPU
		{96532DAA-367A-44BE-842E-2A3F9E918FFE}.Release-Licensed|x86.ActiveCfg = Release|Any CPU
		{96532DAA-367A-44BE-842E-2A3F9E918FFE}.Release-Licensed|x86.Build.0 = Release|Any CPU
	EndGlobalSection
	GlobalSection(SolutionProperties) = preSolution
		HideSolutionNode = FALSE
	EndGlobalSection
EndGlobal
